
Microsoft Visual Studio Solution File, Format Version 12.00
# Visual Studio Version 17
VisualStudioVersion = 17.7.33808.371
MinimumVisualStudioVersion = 10.0.40219.1
Project("{FAE04EC0-301F-11D3-BF4B-00C04F79EFBC}") = "MVC_Practical_14", "MVC_Practical_14\MVC_Practical_14.csproj", "{527432A3-42AC-427D-875C-5674433E1E3F}"
EndProject
Global
	GlobalSection(SolutionConfigurationPlatforms) = preSolution
		Debug|Any CPU = Debug|Any CPU
		Release|Any CPU = Release|Any CPU
	EndGlobalSection
	GlobalSection(ProjectConfigurationPlatforms) = postSolution
		{527432A3-42AC-427D-875C-5674433E1E3F}.Debug|Any CPU.ActiveCfg = Debug|Any CPU
		{527432A3-42AC-427D-875C-5674433E1E3F}.Debug|Any CPU.Build.0 = Debug|Any CPU
		{527432A3-42AC-427D-875C-5674433E1E3F}.Release|Any CPU.ActiveCfg = Release|Any CPU
		{527432A3-42AC-427D-875C-5674433E1E3F}.Release|Any CPU.Build.0 = Release|Any CPU
	EndGlobalSection
	GlobalSection(SolutionProperties) = preSolution
		HideSolutionNode = FALSE
	EndGlobalSection
	GlobalSection(ExtensibilityGlobals) = postSolution
		SolutionGuid = {91D2E8D8-70AA-436A-8013-523B53C47666}
	EndGlobalSection
EndGlobal
